
Microsoft Visual Studio Solution File, Format Version 12.00
# Visual Studio Version 17
VisualStudioVersion = 17.0.31903.59
MinimumVisualStudioVersion = 10.0.40219.1
Project("{2150E333-8FDC-42A3-9474-1A3956D46DE8}") = "src", "src", "{827E0CD3-B72D-47B6-A68D-7590B98EB39B}"
EndProject
Project("{FAE04EC0-301F-11D3-BF4B-00C04F79EFBC}") = "BusinessIQ.Api", "src\BusinessIQ.Api\BusinessIQ.Api.csproj", "{478473C4-D480-4998-81C3-4424A2AF87F0}"
EndProject
Project("{FAE04EC0-301F-11D3-BF4B-00C04F79EFBC}") = "BusinessIQ.Application", "src\BusinessIQ.Application\BusinessIQ.Application.csproj", "{3B684167-095D-4CBA-8690-1DFE7BD21DA7}"
EndProject
Project("{FAE04EC0-301F-11D3-BF4B-00C04F79EFBC}") = "BusinessIQ.IntegrationTests", "tests\BusinessIQ.IntegrationTests\BusinessIQ.IntegrationTests.csproj", "{F38563FB-7634-4DD4-A51D-5232784E4491}"
EndProject
Project("{FAE04EC0-301F-11D3-BF4B-00C04F79EFBC}") = "BusinessIQ.Domain", "src\BusinessIQ.Domain\BusinessIQ.Domain.csproj", "{91D60E0F-0ED2-4DEC-967C-FAD5F6552ACC}"
EndProject
Project("{FAE04EC0-301F-11D3-BF4B-00C04F79EFBC}") = "BusinessIQ.Contracts", "src\BusinessIQ.Contracts\BusinessIQ.Contracts.csproj", "{09E9E6E6-2E56-427A-BCF0-C2BE12AD7232}"
EndProject
Project("{FAE04EC0-301F-11D3-BF4B-00C04F79EFBC}") = "BusinessIQ.Infrastructure", "src\BusinessIQ.Infrastructure\BusinessIQ.Infrastructure.csproj", "{DEB3A9D5-18A5-4B84-B4E4-E269EFE5D26C}"
EndProject
Global
	GlobalSection(SolutionConfigurationPlatforms) = preSolution
		Debug|Any CPU = Debug|Any CPU
		Debug|x64 = Debug|x64
		Debug|x86 = Debug|x86
		Release|Any CPU = Release|Any CPU
		Release|x64 = Release|x64
		Release|x86 = Release|x86
	EndGlobalSection
	GlobalSection(ProjectConfigurationPlatforms) = postSolution
		{478473C4-D480-4998-81C3-4424A2AF87F0}.Debug|Any CPU.ActiveCfg = Debug|Any CPU
		{478473C4-D480-4998-81C3-4424A2AF87F0}.Debug|Any CPU.Build.0 = Debug|Any CPU
		{478473C4-D480-4998-81C3-4424A2AF87F0}.Debug|x64.ActiveCfg = Debug|Any CPU
		{478473C4-D480-4998-81C3-4424A2AF87F0}.Debug|x64.Build.0 = Debug|Any CPU
		{478473C4-D480-4998-81C3-4424A2AF87F0}.Debug|x86.ActiveCfg = Debug|Any CPU
		{478473C4-D480-4998-81C3-4424A2AF87F0}.Debug|x86.Build.0 = Debug|Any CPU
		{478473C4-D480-4998-81C3-4424A2AF87F0}.Release|Any CPU.ActiveCfg = Release|Any CPU
		{478473C4-D480-4998-81C3-4424A2AF87F0}.Release|Any CPU.Build.0 = Release|Any CPU
		{478473C4-D480-4998-81C3-4424A2AF87F0}.Release|x64.ActiveCfg = Release|Any CPU
		{478473C4-D480-4998-81C3-4424A2AF87F0}.Release|x64.Build.0 = Release|Any CPU
		{478473C4-D480-4998-81C3-4424A2AF87F0}.Release|x86.ActiveCfg = Release|Any CPU
		{478473C4-D480-4998-81C3-4424A2AF87F0}.Release|x86.Build.0 = Release|Any CPU
		{3B684167-095D-4CBA-8690-1DFE7BD21DA7}.Debug|Any CPU.ActiveCfg = Debug|Any CPU
		{3B684167-095D-4CBA-8690-1DFE7BD21DA7}.Debug|Any CPU.Build.0 = Debug|Any CPU
		{3B684167-095D-4CBA-8690-1DFE7BD21DA7}.Debug|x64.ActiveCfg = Debug|Any CPU
		{3B684167-095D-4CBA-8690-1DFE7BD21DA7}.Debug|x64.Build.0 = Debug|Any CPU
		{3B684167-095D-4CBA-8690-1DFE7BD21DA7}.Debug|x86.ActiveCfg = Debug|Any CPU
		{3B684167-095D-4CBA-8690-1DFE7BD21DA7}.Debug|x86.Build.0 = Debug|Any CPU
		{3B684167-095D-4CBA-8690-1DFE7BD21DA7}.Release|Any CPU.ActiveCfg = Release|Any CPU
		{3B684167-095D-4CBA-8690-1DFE7BD21DA7}.Release|Any CPU.Build.0 = Release|Any CPU
		{3B684167-095D-4CBA-8690-1DFE7BD21DA7}.Release|x64.ActiveCfg = Release|Any CPU
		{3B684167-095D-4CBA-8690-1DFE7BD21DA7}.Release|x64.Build.0 = Release|Any CPU
		{3B684167-095D-4CBA-8690-1DFE7BD21DA7}.Release|x86.ActiveCfg = Release|Any CPU
		{3B684167-095D-4CBA-8690-1DFE7BD21DA7}.Release|x86.Build.0 = Release|Any CPU
		{F38563FB-7634-4DD4-A51D-5232784E4491}.Debug|Any CPU.ActiveCfg = Debug|Any CPU
		{F38563FB-7634-4DD4-A51D-5232784E4491}.Debug|Any CPU.Build.0 = Debug|Any CPU
		{F38563FB-7634-4DD4-A51D-5232784E4491}.Debug|x64.ActiveCfg = Debug|Any CPU
		{F38563FB-7634-4DD4-A51D-5232784E4491}.Debug|x64.Build.0 = Debug|Any CPU
		{F38563FB-7634-4DD4-A51D-5232784E4491}.Debug|x86.ActiveCfg = Debug|Any CPU
		{F38563FB-7634-4DD4-A51D-5232784E4491}.Debug|x86.Build.0 = Debug|Any CPU
		{F38563FB-7634-4DD4-A51D-5232784E4491}.Release|Any CPU.ActiveCfg = Release|Any CPU
		{F38563FB-7634-4DD4-A51D-5232784E4491}.Release|Any CPU.Build.0 = Release|Any CPU
		{F38563FB-7634-4DD4-A51D-5232784E4491}.Release|x64.ActiveCfg = Release|Any CPU
		{F38563FB-7634-4DD4-A51D-5232784E4491}.Release|x64.Build.0 = Release|Any CPU
		{F38563FB-7634-4DD4-A51D-5232784E4491}.Release|x86.ActiveCfg = Release|Any CPU
		{F38563FB-7634-4DD4-A51D-5232784E4491}.Release|x86.Build.0 = Release|Any CPU
		{91D60E0F-0ED2-4DEC-967C-FAD5F6552ACC}.Debug|Any CPU.ActiveCfg = Debug|Any CPU
		{91D60E0F-0ED2-4DEC-967C-FAD5F6552ACC}.Debug|Any CPU.Build.0 = Debug|Any CPU
		{91D60E0F-0ED2-4DEC-967C-FAD5F6552ACC}.Debug|x64.ActiveCfg = Debug|Any CPU
		{91D60E0F-0ED2-4DEC-967C-FAD5F6552ACC}.Debug|x64.Build.0 = Debug|Any CPU
		{91D60E0F-0ED2-4DEC-967C-FAD5F6552ACC}.Debug|x86.ActiveCfg = Debug|Any CPU
		{91D60E0F-0ED2-4DEC-967C-FAD5F6552ACC}.Debug|x86.Build.0 = Debug|Any CPU
		{91D60E0F-0ED2-4DEC-967C-FAD5F6552ACC}.Release|Any CPU.ActiveCfg = Release|Any CPU
		{91D60E0F-0ED2-4DEC-967C-FAD5F6552ACC}.Release|Any CPU.Build.0 = Release|Any CPU
		{91D60E0F-0ED2-4DEC-967C-FAD5F6552ACC}.Release|x64.ActiveCfg = Release|Any CPU
		{91D60E0F-0ED2-4DEC-967C-FAD5F6552ACC}.Release|x64.Build.0 = Release|Any CPU
		{91D60E0F-0ED2-4DEC-967C-FAD5F6552ACC}.Release|x86.ActiveCfg = Release|Any CPU
		{91D60E0F-0ED2-4DEC-967C-FAD5F6552ACC}.Release|x86.Build.0 = Release|Any CPU
		{09E9E6E6-2E56-427A-BCF0-C2BE12AD7232}.Debug|Any CPU.ActiveCfg = Debug|Any CPU
		{09E9E6E6-2E56-427A-BCF0-C2BE12AD7232}.Debug|Any CPU.Build.0 = Debug|Any CPU
		{09E9E6E6-2E56-427A-BCF0-C2BE12AD7232}.Debug|x64.ActiveCfg = Debug|Any CPU
		{09E9E6E6-2E56-427A-BCF0-C2BE12AD7232}.Debug|x64.Build.0 = Debug|Any CPU
		{09E9E6E6-2E56-427A-BCF0-C2BE12AD7232}.Debug|x86.ActiveCfg = Debug|Any CPU
		{09E9E6E6-2E56-427A-BCF0-C2BE12AD7232}.Debug|x86.Build.0 = Debug|Any CPU
		{09E9E6E6-2E56-427A-BCF0-C2BE12AD7232}.Release|Any CPU.ActiveCfg = Release|Any CPU
		{09E9E6E6-2E56-427A-BCF0-C2BE12AD7232}.Release|Any CPU.Build.0 = Release|Any CPU
		{09E9E6E6-2E56-427A-BCF0-C2BE12AD7232}.Release|x64.ActiveCfg = Release|Any CPU
		{09E9E6E6-2E56-427A-BCF0-C2BE12AD7232}.Release|x64.Build.0 = Release|Any CPU
		{09E9E6E6-2E56-427A-BCF0-C2BE12AD7232}.Release|x86.ActiveCfg = Release|Any CPU
		{09E9E6E6-2E56-427A-BCF0-C2BE12AD7232}.Release|x86.Build.0 = Release|Any CPU
		{DEB3A9D5-18A5-4B84-B4E4-E269EFE5D26C}.Debug|Any CPU.ActiveCfg = Debug|Any CPU
		{DEB3A9D5-18A5-4B84-B4E4-E269EFE5D26C}.Debug|Any CPU.Build.0 = Debug|Any CPU
		{DEB3A9D5-18A5-4B84-B4E4-E269EFE5D26C}.Debug|x64.ActiveCfg = Debug|Any CPU
		{DEB3A9D5-18A5-4B84-B4E4-E269EFE5D26C}.Debug|x64.Build.0 = Debug|Any CPU
		{DEB3A9D5-18A5-4B84-B4E4-E269EFE5D26C}.Debug|x86.ActiveCfg = Debug|Any CPU
		{DEB3A9D5-18A5-4B84-B4E4-E269EFE5D26C}.Debug|x86.Build.0 = Debug|Any CPU
		{DEB3A9D5-18A5-4B84-B4E4-E269EFE5D26C}.Release|Any CPU.ActiveCfg = Release|Any CPU
		{DEB3A9D5-18A5-4B84-B4E4-E269EFE5D26C}.Release|Any CPU.Build.0 = Release|Any CPU
		{DEB3A9D5-18A5-4B84-B4E4-E269EFE5D26C}.Release|x64.ActiveCfg = Release|Any CPU
		{DEB3A9D5-18A5-4B84-B4E4-E269EFE5D26C}.Release|x64.Build.0 = Release|Any CPU
		{DEB3A9D5-18A5-4B84-B4E4-E269EFE5D26C}.Release|x86.ActiveCfg = Release|Any CPU
		{DEB3A9D5-18A5-4B84-B4E4-E269EFE5D26C}.Release|x86.Build.0 = Release|Any CPU
	EndGlobalSection
	GlobalSection(SolutionProperties) = preSolution
		HideSolutionNode = FALSE
	EndGlobalSection
	GlobalSection(NestedProjects) = preSolution
		{478473C4-D480-4998-81C3-4424A2AF87F0} = {827E0CD3-B72D-47B6-A68D-7590B98EB39B}
		{3B684167-095D-4CBA-8690-1DFE7BD21DA7} = {827E0CD3-B72D-47B6-A68D-7590B98EB39B}
		{F38563FB-7634-4DD4-A51D-5232784E4491} = {827E0CD3-B72D-47B6-A68D-7590B98EB39B}
		{91D60E0F-0ED2-4DEC-967C-FAD5F6552ACC} = {827E0CD3-B72D-47B6-A68D-7590B98EB39B}
		{09E9E6E6-2E56-427A-BCF0-C2BE12AD7232} = {827E0CD3-B72D-47B6-A68D-7590B98EB39B}
		{DEB3A9D5-18A5-4B84-B4E4-E269EFE5D26C} = {827E0CD3-B72D-47B6-A68D-7590B98EB39B}
	EndGlobalSection
EndGlobal
